# This file is autogenerated, do not edit; changes may be undone by the next 'dep ensure'.


[[projects]]
  name = "code.cloudfoundry.org/lager"
  packages = [
    ".",
    "lagertest"
  ]
  revision = "62951a8009ab331bb21dc418074fa54e66eb9b6a"

[[projects]]
  name = "github.com/BooleanCat/igo"
  packages = [
    "ios",
    "ios/iexec"
  ]
  revision = "61e7b9157ee3038f6a1737d399f0fc126f62b143"

[[projects]]
  name = "github.com/cloudfoundry-incubator/candiedyaml"
  packages = ["."]
  revision = "150e4e8f749b21a7f0de8e3cfd885143fcea6b32"

[[projects]]
  name = "github.com/cloudfoundry/gosigar"
  packages = ["."]
  revision = "3ed7c74352dae6dc00bdc8c74045375352e3ec05"

[[projects]]
  name = "github.com/garyburd/redigo"
  packages = [
    "internal",
    "redis"
  ]
  revision = "908534c8b97586a4597e3fa195875d2d26502b97"

[[projects]]
  name = "github.com/goamz/goamz"
  packages = [
    "aws",
    "s3"
  ]
  revision = "760aa2f8a491b6019dcf2df81d913927cb25fbc6"

[[projects]]
  name = "github.com/golang/protobuf"
  packages = ["proto"]
  revision = "1f49d83d9aa00e6ce4fc8258c71cc7786aec968a"

[[projects]]
  name = "github.com/gorilla/context"
  packages = ["."]
  revision = "215affda49addc4c8ef7e2534915df2c8c35c6cd"

[[projects]]
  name = "github.com/gorilla/mux"
  packages = ["."]
  revision = "e444e69cbd2e2e3e0749a2f3c717cec491552bbf"

[[projects]]
  name = "github.com/mitchellh/goamz"
  packages = [
    "aws",
    "s3",
    "s3/s3test"
  ]
  revision = "84d8b2b74375eda9f189283e5f0710e6bcc3fb47"

[[projects]]
  name = "github.com/onsi/ginkgo"
  packages = [
    ".",
    "config",
    "internal/codelocation",
    "internal/containernode",
    "internal/failer",
    "internal/leafnodes",
    "internal/remote",
    "internal/spec",
    "internal/specrunner",
    "internal/suite",
    "internal/testingtproxy",
    "internal/writer",
    "reporters",
    "reporters/stenographer",
    "types"
  ]
  revision = "7d3d52b3a3a79d745c2a03ee81b5bc2086642201"

[[projects]]
  name = "github.com/onsi/gomega"
  packages = [
    ".",
    "format",
    "gbytes",
    "gexec",
    "ghttp",
    "internal/assertion",
    "internal/asyncassertion",
    "internal/oraclematcher",
    "internal/testingtsupport",
    "matchers",
    "matchers/support/goraph/bipartitegraph",
    "matchers/support/goraph/edge",
    "matchers/support/goraph/node",
    "matchers/support/goraph/util",
    "types"
  ]
  revision = "b48c9a8b2644326d0a44eaaacc8d83e35174a05d"

[[projects]]
  name = "github.com/pborman/uuid"
  packages = ["."]
  revision = "c55201b036063326c5b1b89ccfe45a184973d073"

[[projects]]
  name = "github.com/pivotal-cf/brokerapi"
  packages = [
    ".",
    "auth"
  ]
  revision = "0ea2a3913c148837e8615a1ef8bde757151934c3"

[[projects]]
  branch = "master"
  name = "github.com/pivotal-cf/redisutils"
  packages = [
    "monit",
    "monit/fakes",
    "redis"
  ]
  revision = "2b1039d36b385a6333392dca471d1c84a112ccf6"

[[projects]]
  name = "github.com/st3v/glager"
  packages = ["."]
  revision = "958333349e60ac1d5688ac928ffefa6ecbac5bee"
  version = "v0.3.0"

[[projects]]
  branch = "master"
  name = "github.com/vaughan0/go-ini"
  packages = ["."]
  revision = "a98ad7ee00ec53921f08832bc06ecf7fd600e6a1"

[[projects]]
  name = "gopkg.in/yaml.v2"
  packages = ["."]
  revision = "f7716cbe52baa25d2e9b0d0da546fcf909fc16b4"

[solve-meta]
  analyzer-name = "dep"
  analyzer-version = 1
  inputs-digest = "94f2ae77150026c9c8040c6683daf84f85072fdbc25656a53922e31fdaa06a66"
  solver-name = "gps-cdcl"
  solver-version = 1
