# This file is autogenerated, do not edit; changes may be undone by the next 'dep ensure'.


[[projects]]
  branch = "master"
  digest = "1:6c688b84432af47be12098f3c12bed8a4dbecb5df6572b0bae5cd6d76f8df2ed"
  name = "code.cloudfoundry.org/lager"
  packages = [
    ".",
    "internal/truncate",
    "lagerctx",
    "lagertest",
  ]
  pruneopts = "UT"
  revision = "54c4f2530ddeb742ce9c9ee26f5fa758d6c1b3b6"

[[projects]]
  digest = "1:401715131bcd4d4c0849e0335e48152048e7c3d6c61ba3fea2c8909a26ead933"
  name = "github.com/BooleanCat/igo"
  packages = [
    "ios",
    "ios/iexec",
  ]
  pruneopts = "UT"
  revision = "a81f0345d8b9599231d9fe873e3462c3aa892e32"
  version = "v1.3.0"

[[projects]]
  branch = "master"
  digest = "1:c12310d3e2b5a97b89dba30d1d006e00b564e04ec4f2d4b5d1631e97e86a8b42"
  name = "github.com/cloudfoundry-incubator/candiedyaml"
  packages = ["."]
  pruneopts = "UT"
  revision = "a41693b7b7afb422c7ecb1028458ab27da047bbb"

[[projects]]
  digest = "1:5aaec2559dbb1fde897fd21b4165881391d7f7e069700bef640802068c8e7988"
  name = "github.com/cloudfoundry/gosigar"
  packages = [
    ".",
    "sys/windows",
  ]
  pruneopts = "UT"
  revision = "dcb1afc219e4c99f21c37fb1ec22ed9ffe443317"
  version = "v1.1.0"

[[projects]]
  branch = "master"
  digest = "1:338c64c56594dbab4bace8da61d3339b1dcfced6161706eb27bddcdf6e2b1b67"
  name = "github.com/goamz/goamz"
  packages = [
    "aws",
    "s3",
  ]
  pruneopts = "UT"
  revision = "8b901b531db8fca1529b05bfa948605b01ca3ab0"

[[projects]]
  digest = "1:573ca21d3669500ff845bdebee890eb7fc7f0f50c59f2132f2a0c6b03d85086a"
  name = "github.com/golang/protobuf"
  packages = ["proto"]
  pruneopts = "UT"
  revision = "6c65a5562fc06764971b7c5d05c76c75e84bdbf7"
  version = "v1.3.2"

[[projects]]
  digest = "1:38ec74012390146c45af1f92d46e5382b50531247929ff3a685d2b2be65155ac"
  name = "github.com/gomodule/redigo"
  packages = [
    "internal",
    "redis",
  ]
  pruneopts = "UT"
  revision = "9c11da706d9b7902c6da69c592f75637793fe121"
  version = "v2.0.0"

[[projects]]
  digest = "1:582b704bebaa06b48c29b0cec224a6058a09c86883aaddabde889cd1a5f73e1b"
  name = "github.com/google/uuid"
  packages = ["."]
  pruneopts = "UT"
  revision = "0cd6bf5da1e1c83f8b45653022c74f71af0538a4"
  version = "v1.1.1"

[[projects]]
  digest = "1:cbec35fe4d5a4fba369a656a8cd65e244ea2c743007d8f6c1ccb132acf9d1296"
  name = "github.com/gorilla/mux"
  packages = ["."]
  pruneopts = "UT"
  revision = "00bdffe0f3c77e27d2cf6f5c70232a2d3e4d9c15"
  version = "v1.7.3"

[[projects]]
  digest = "1:a1038ef593beb4771c8f0f9c26e8b00410acd800af5c6864651d9bf160ea1813"
  name = "github.com/hpcloud/tail"
  packages = [
    ".",
    "ratelimiter",
    "util",
    "watch",
    "winfile",
  ]
  pruneopts = "UT"
  revision = "a30252cb686a21eb2d0b98132633053ec2f7f1e5"
  version = "v1.0.0"

[[projects]]
  branch = "master"
  digest = "1:70b439df7f1a4730e3865dabc7c0c4308fbd5dd97536abb8fa21a3194cb6964e"
  name = "github.com/mitchellh/goamz"
  packages = [
    "aws",
    "s3",
    "s3/s3test",
  ]
  pruneopts = "UT"
  revision = "caaaea8b30ee15616494ee68abd5d8ebbbef05cf"

[[projects]]
  digest = "1:aed50c53dce3e0ee52c84e5515b8b85404af5b7efc6a9199ab0035b8c25efcb8"
  name = "github.com/onsi/ginkgo"
  packages = [
    ".",
    "config",
    "internal/codelocation",
    "internal/containernode",
    "internal/failer",
    "internal/leafnodes",
    "internal/remote",
    "internal/spec",
    "internal/spec_iterator",
    "internal/specrunner",
    "internal/suite",
    "internal/testingtproxy",
    "internal/writer",
    "reporters",
    "reporters/stenographer",
    "reporters/stenographer/support/go-colorable",
    "reporters/stenographer/support/go-isatty",
    "types",
  ]
  pruneopts = "UT"
  revision = "974566c482abc93ffd3df6f4626e79076c7ed290"
  version = "v1.10.1"

[[projects]]
  digest = "1:efbd278cf953c2297bfd9eb844cb9930942575b68383e26e2ca8f3041fd4bce1"
  name = "github.com/onsi/gomega"
  packages = [
    ".",
    "format",
    "gbytes",
    "gexec",
    "ghttp",
    "internal/assertion",
    "internal/asyncassertion",
    "internal/oraclematcher",
    "internal/testingtsupport",
    "matchers",
    "matchers/support/goraph/bipartitegraph",
    "matchers/support/goraph/edge",
    "matchers/support/goraph/node",
    "matchers/support/goraph/util",
    "types",
  ]
  pruneopts = "UT"
  revision = "bdebf9e0ece900259084cfa4121b97ce1a540939"
  version = "v1.7.0"

[[projects]]
  digest = "1:e5d0bd87abc2781d14e274807a470acd180f0499f8bf5bb18606e9ec22ad9de9"
  name = "github.com/pborman/uuid"
  packages = ["."]
  pruneopts = "UT"
  revision = "adf5a7427709b9deb95d29d3fa8a2bf9cfd388f1"
  version = "v1.2"

[[projects]]
  digest = "1:8618b16c31aaf62e000ec17f1466195424649ef9a2dad27710caa46746d4037c"
  name = "github.com/pivotal-cf/brokerapi"
  packages = [
    ".",
    "auth",
    "domain",
    "domain/apiresponses",
    "handlers",
    "middlewares",
    "utils",
  ]
  pruneopts = "UT"
  revision = "cf0dcc39e8bcb0a904b4e1cac9263603c442aa9e"
  version = "v6.4.1"

[[projects]]
  branch = "master"
  digest = "1:a685eac357408980bea99ac4ad32a8acf597748c901fd5d445a8c1d3399cde9b"
  name = "github.com/pivotal-cf/redisutils"
  packages = [
    "monit",
    "monit/fakes",
    "redis",
  ]
  pruneopts = "UT"
  revision = "d948c0684e330882e15d3df9eef244dd0a271293"

[[projects]]
  digest = "1:cf31692c14422fa27c83a05292eb5cbe0fb2775972e8f1f8446a71549bd8980b"
  name = "github.com/pkg/errors"
  packages = ["."]
  pruneopts = "UT"
  revision = "ba968bfe8b2f7e042a574c888954fccecfa385b4"
  version = "v0.8.1"

[[projects]]
  digest = "1:73aebb74fcaae116d88105c7aa1c523aad8ce8f21d66dabcd3a3ae50c2a99bd1"
  name = "github.com/st3v/glager"
  packages = ["."]
  pruneopts = "UT"
  revision = "958333349e60ac1d5688ac928ffefa6ecbac5bee"
  version = "v0.3.0"

[[projects]]
  branch = "master"
  digest = "1:8f70510b21fd07eba5bd4e0f84d49d932ea74c8b0ea20a5807e9492cc819928c"
  name = "github.com/vaughan0/go-ini"
  packages = ["."]
  pruneopts = "UT"
  revision = "a98ad7ee00ec53921f08832bc06ecf7fd600e6a1"

[[projects]]
  branch = "master"
  digest = "1:a167b5c532f3245f5a147ade26185f16d6ee8f8d3f6c9846f447e9d8b9705505"
  name = "golang.org/x/net"
  packages = [
    "html",
    "html/atom",
    "html/charset",
  ]
  pruneopts = "UT"
  revision = "ba9fcec4b297b415637633c5a6e8fa592e4a16c3"

[[projects]]
  branch = "master"
  digest = "1:db4d094dcdda93745779828d4f7536085eae66f9ebcba842bda762883db08800"
  name = "golang.org/x/sys"
  packages = [
    "unix",
    "windows",
  ]
  pruneopts = "UT"
  revision = "1e83adbbebd0f5dc971915fd7e5db032c3d2b731"

[[projects]]
  digest = "1:8a0baffd5559acaa560f854d7d525c02f4fec2d4f8a214398556fb661a10f6e0"
  name = "golang.org/x/text"
  packages = [
    "encoding",
    "encoding/charmap",
    "encoding/htmlindex",
    "encoding/internal",
    "encoding/internal/identifier",
    "encoding/japanese",
    "encoding/korean",
    "encoding/simplifiedchinese",
    "encoding/traditionalchinese",
    "encoding/unicode",
    "internal/gen",
    "internal/language",
    "internal/language/compact",
    "internal/tag",
    "internal/utf8internal",
    "language",
    "runes",
    "transform",
    "unicode/cldr",
  ]
  pruneopts = "UT"
  revision = "342b2e1fbaa52c93f31447ad2c6abc048c63e475"
  version = "v0.3.2"

[[projects]]
  digest = "1:abeb38ade3f32a92943e5be54f55ed6d6e3b6602761d74b4aab4c9dd45c18abd"
  name = "gopkg.in/fsnotify.v1"
  packages = ["."]
  pruneopts = "UT"
  revision = "c2828203cd70a50dcccfb2761f8b1f8ceef9a8e9"
  source = "https://github.com/fsnotify/fsnotify.git"
  version = "v1.4.7"

[[projects]]
  branch = "v1"
  digest = "1:0caa92e17bc0b65a98c63e5bc76a9e844cd5e56493f8fdbb28fad101a16254d9"
  name = "gopkg.in/tomb.v1"
  packages = ["."]
  pruneopts = "UT"
  revision = "dd632973f1e7218eb1089048e0798ec9ae7dceb8"

[[projects]]
  digest = "1:4d2e5a73dc1500038e504a8d78b986630e3626dc027bc030ba5c75da257cdb96"
  name = "gopkg.in/yaml.v2"
  packages = ["."]
  pruneopts = "UT"
  revision = "51d6538a90f86fe93ac480b35f37b2be17fef232"
  version = "v2.2.2"

[solve-meta]
  analyzer-name = "dep"
  analyzer-version = 1
  input-imports = [
    "code.cloudfoundry.org/lager",
    "code.cloudfoundry.org/lager/lagertest",
    "github.com/BooleanCat/igo/ios/iexec",
    "github.com/cloudfoundry-incubator/candiedyaml",
    "github.com/cloudfoundry/gosigar",
    "github.com/goamz/goamz/aws",
    "github.com/goamz/goamz/s3",
    "github.com/gomodule/redigo/redis",
    "github.com/gorilla/mux",
    "github.com/mitchellh/goamz/aws",
    "github.com/mitchellh/goamz/s3",
    "github.com/mitchellh/goamz/s3/s3test",
    "github.com/onsi/ginkgo",
    "github.com/onsi/ginkgo/reporters",
    "github.com/onsi/gomega",
    "github.com/onsi/gomega/gbytes",
    "github.com/onsi/gomega/gexec",
    "github.com/onsi/gomega/ghttp",
    "github.com/pborman/uuid",
    "github.com/pivotal-cf/brokerapi",
    "github.com/pivotal-cf/brokerapi/auth",
    "github.com/pivotal-cf/redisutils/monit",
    "github.com/pivotal-cf/redisutils/monit/fakes",
    "github.com/pivotal-cf/redisutils/redis",
    "github.com/st3v/glager",
  ]
  solver-name = "gps-cdcl"
  solver-version = 1
